
Microsoft Visual Studio Solution File, Format Version 12.00
# Visual Studio Version 16
VisualStudioVersion = 16.0.28922.388
MinimumVisualStudioVersion = 10.0.40219.1
Project("{FAE04EC0-301F-11D3-BF4B-00C04F79EFBC}") = "SalesWebMvc", "SalesWebMvc\SalesWebMvc.csproj", "{62F00F09-87E6-44BF-BAF2-E57FDAD6A11F}"
EndProject
Global
	GlobalSection(SolutionConfigurationPlatforms) = preSolution
		Debug|Any CPU = Debug|Any CPU
		Release|Any CPU = Release|Any CPU
	EndGlobalSection
	GlobalSection(ProjectConfigurationPlatforms) = postSolution
		{62F00F09-87E6-44BF-BAF2-E57FDAD6A11F}.Debug|Any CPU.ActiveCfg = Debug|Any CPU
		{62F00F09-87E6-44BF-BAF2-E57FDAD6A11F}.Debug|Any CPU.Build.0 = Debug|Any CPU
		{62F00F09-87E6-44BF-BAF2-E57FDAD6A11F}.Release|Any CPU.ActiveCfg = Release|Any CPU
		{62F00F09-87E6-44BF-BAF2-E57FDAD6A11F}.Release|Any CPU.Build.0 = Release|Any CPU
	EndGlobalSection
	GlobalSection(SolutionProperties) = preSolution
		HideSolutionNode = FALSE
	EndGlobalSection
	GlobalSection(ExtensibilityGlobals) = postSolution
		SolutionGuid = {C20AEA39-94C7-400F-9EAD-972D370E2B68}
	EndGlobalSection
EndGlobal
